// !$*UTF8*$!
{
	archiveVersion = 1;
	classes = {
	};
	objectVersion = 48;
	objects = {

/* Begin PBXBuildFile section */
		7E146EE320941CCC00886042 /* AppDelegate.m in Sources */ = {isa = PBXBuildFile; fileRef = 7E146EE220941CCC00886042 /* AppDelegate.m */; };
		7E146EE620941CCC00886042 /* ViewController.m in Sources */ = {isa = PBXBuildFile; fileRef = 7E146EE520941CCC00886042 /* ViewController.m */; };
		7E146EE920941CCC00886042 /* Main.storyboard in Resources */ = {isa = PBXBuildFile; fileRef = 7E146EE720941CCC00886042 /* Main.storyboard */; };
		7E146EEB20941CCC00886042 /* Assets.xcassets in Resources */ = {isa = PBXBuildFile; fileRef = 7E146EEA20941CCC00886042 /* Assets.xcassets */; };
		7E146EEE20941CCC00886042 /* LaunchScreen.storyboard in Resources */ = {isa = PBXBuildFile; fileRef = 7E146EEC20941CCC00886042 /* LaunchScreen.storyboard */; };
		7E146EF120941CCC00886042 /* main.m in Sources */ = {isa = PBXBuildFile; fileRef = 7E146EF020941CCC00886042 /* main.m */; };
		7E146EFB20941CCC00886042 /* JJCarouselTests.m in Sources */ = {isa = PBXBuildFile; fileRef = 7E146EFA20941CCC00886042 /* JJCarouselTests.m */; };
		7E146F0620941CCC00886042 /* JJCarouselUITests.m in Sources */ = {isa = PBXBuildFile; fileRef = 7E146F0520941CCC00886042 /* JJCarouselUITests.m */; };
		7E146F4320941D1600886042 /* SimulatorScreenShot20171017102218.png in Resources */ = {isa = PBXBuildFile; fileRef = 7E146F1420941D1600886042 /* SimulatorScreenShot20171017102218.png */; };
		7E146F4420941D1600886042 /* SimulatorScreenShot20171017102317.png in Resources */ = {isa = PBXBuildFile; fileRef = 7E146F1520941D1600886042 /* SimulatorScreenShot20171017102317.png */; };
		7E146F4520941D1600886042 /* SimulatorScreenShot20171017102417.png in Resources */ = {isa = PBXBuildFile; fileRef = 7E146F1620941D1600886042 /* SimulatorScreenShot20171017102417.png */; };
		7E146F4620941D1600886042 /* ezgif-1-365bd769d5.gif in Resources */ = {isa = PBXBuildFile; fileRef = 7E146F1720941D1600886042 /* ezgif-1-365bd769d5.gif */; };
		7E146F4820941D1600886042 /* UIImage+WebP.m in Sources */ = {isa = PBXBuildFile; fileRef = 7E146F1C20941D1600886042 /* UIImage+WebP.m */; };
		7E146F4920941D1600886042 /* MKAnnotationView+WebCache.m in Sources */ = {isa = PBXBuildFile; fileRef = 7E146F1D20941D1600886042 /* MKAnnotationView+WebCache.m */; };
		7E146F4A20941D1600886042 /* SDWebImageManager.m in Sources */ = {isa = PBXBuildFile; fileRef = 7E146F2120941D1600886042 /* SDWebImageManager.m */; };
		7E146F4B20941D1600886042 /* SDWebImageDecoder.m in Sources */ = {isa = PBXBuildFile; fileRef = 7E146F2220941D1600886042 /* SDWebImageDecoder.m */; };
		7E146F4C20941D1600886042 /* UIImageView+HighlightedWebCache.m in Sources */ = {isa = PBXBuildFile; fileRef = 7E146F2420941D1600886042 /* UIImageView+HighlightedWebCache.m */; };
		7E146F4D20941D1600886042 /* SDWebImageDownloader.m in Sources */ = {isa = PBXBuildFile; fileRef = 7E146F2720941D1600886042 /* SDWebImageDownloader.m */; };
		7E146F4E20941D1600886042 /* UIImage+GIF.m in Sources */ = {isa = PBXBuildFile; fileRef = 7E146F2820941D1600886042 /* UIImage+GIF.m */; };
		7E146F4F20941D1600886042 /* UIImage+MultiFormat.m in Sources */ = {isa = PBXBuildFile; fileRef = 7E146F2A20941D1600886042 /* UIImage+MultiFormat.m */; };
		7E146F5020941D1600886042 /* SDWebImageCompat.m in Sources */ = {isa = PBXBuildFile; fileRef = 7E146F2B20941D1600886042 /* SDWebImageCompat.m */; };
		7E146F5120941D1600886042 /* SDWebImagePrefetcher.m in Sources */ = {isa = PBXBuildFile; fileRef = 7E146F2C20941D1600886042 /* SDWebImagePrefetcher.m */; };
		7E146F5220941D1600886042 /* SDImageCache.m in Sources */ = {isa = PBXBuildFile; fileRef = 7E146F3120941D1600886042 /* SDImageCache.m */; };
		7E146F5320941D1600886042 /* SDWebImageDownloaderOperation.m in Sources */ = {isa = PBXBuildFile; fileRef = 7E146F3320941D1600886042 /* SDWebImageDownloaderOperation.m */; };
		7E146F5420941D1600886042 /* NSData+ImageContentType.m in Sources */ = {isa = PBXBuildFile; fileRef = 7E146F3620941D1600886042 /* NSData+ImageContentType.m */; };
		7E146F5520941D1600886042 /* UIImageView+WebCache.m in Sources */ = {isa = PBXBuildFile; fileRef = 7E146F3720941D1600886042 /* UIImageView+WebCache.m */; };
		7E146F5620941D1600886042 /* NSImage+WebCache.m in Sources */ = {isa = PBXBuildFile; fileRef = 7E146F3920941D1600886042 /* NSImage+WebCache.m */; };
		7E146F5720941D1600886042 /* SDImageCacheConfig.m in Sources */ = {isa = PBXBuildFile; fileRef = 7E146F3B20941D1600886042 /* SDImageCacheConfig.m */; };
		7E146F5820941D1600886042 /* UIView+WebCacheOperation.m in Sources */ = {isa = PBXBuildFile; fileRef = 7E146F3C20941D1600886042 /* UIView+WebCacheOperation.m */; };
		7E146F5920941D1600886042 /* UIView+WebCache.m in Sources */ = {isa = PBXBuildFile; fileRef = 7E146F3D20941D1600886042 /* UIView+WebCache.m */; };
		7E146F5A20941D1600886042 /* UIButton+WebCache.m in Sources */ = {isa = PBXBuildFile; fileRef = 7E146F4120941D1600886042 /* UIButton+WebCache.m */; };
		7E146F5E20941D1F00886042 /* 20170406135400.jpg in Resources */ = {isa = PBXBuildFile; fileRef = 7E146F5B20941D1F00886042 /* 20170406135400.jpg */; };
		7E146F5F20941D1F00886042 /* 20140306110441515.jpg in Resources */ = {isa = PBXBuildFile; fileRef = 7E146F5C20941D1F00886042 /* 20140306110441515.jpg */; };
		7E146F6020941D1F00886042 /* 20170406135300.jpg in Resources */ = {isa = PBXBuildFile; fileRef = 7E146F5D20941D1F00886042 /* 20170406135300.jpg */; };
		7E146F6320941D5D00886042 /* JJCarouselFigure.m in Sources */ = {isa = PBXBuildFile; fileRef = 7E146F6220941D5D00886042 /* JJCarouselFigure.m */; };
/* End PBXBuildFile section */

/* Begin PBXContainerItemProxy section */
		7E146EF720941CCC00886042 /* PBXContainerItemProxy */ = {
			isa = PBXContainerItemProxy;
			containerPortal = 7E146ED620941CCC00886042 /* Project object */;
			proxyType = 1;
			remoteGlobalIDString = 7E146EDD20941CCC00886042;
			remoteInfo = JJCarousel;
		};
		7E146F0220941CCC00886042 /* PBXContainerItemProxy */ = {
			isa = PBXContainerItemProxy;
			containerPortal = 7E146ED620941CCC00886042 /* Project object */;
			proxyType = 1;
			remoteGlobalIDString = 7E146EDD20941CCC00886042;
			remoteInfo = JJCarousel;
		};
/* End PBXContainerItemProxy section */

/* Begin PBXFileReference section */
		7E146EDE20941CCC00886042 /* JJCarousel.app */ = {isa = PBXFileReference; explicitFileType = wrapper.application; includeInIndex = 0; path = JJCarousel.app; sourceTree = BUILT_PRODUCTS_DIR; };
		7E146EE120941CCC00886042 /* AppDelegate.h */ = {isa = PBXFileReference; lastKnownFileType = sourcecode.c.h; path = AppDelegate.h; sourceTree = "<group>"; };
		7E146EE220941CCC00886042 /* AppDelegate.m */ = {isa = PBXFileReference; lastKnownFileType = sourcecode.c.objc; path = AppDelegate.m; sourceTree = "<group>"; };
		7E146EE420941CCC00886042 /* ViewController.h */ = {isa = PBXFileReference; lastKnownFileType = sourcecode.c.h; path = ViewController.h; sourceTree = "<group>"; };
		7E146EE520941CCC00886042 /* ViewController.m */ = {isa = PBXFileReference; lastKnownFileType = sourcecode.c.objc; path = ViewController.m; sourceTree = "<group>"; };
		7E146EE820941CCC00886042 /* Base */ = {isa = PBXFileReference; lastKnownFileType = file.storyboard; name = Base; path = Base.lproj/Main.storyboard; sourceTree = "<group>"; };
		7E146EEA20941CCC00886042 /* Assets.xcassets */ = {isa = PBXFileReference; lastKnownFileType = folder.assetcatalog; path = Assets.xcassets; sourceTree = "<group>"; };
		7E146EED20941CCC00886042 /* Base */ = {isa = PBXFileReference; lastKnownFileType = file.storyboard; name = Base; path = Base.lproj/LaunchScreen.storyboard; sourceTree = "<group>"; };
		7E146EEF20941CCC00886042 /* Info.plist */ = {isa = PBXFileReference; lastKnownFileType = text.plist.xml; path = Info.plist; sourceTree = "<group>"; };
		7E146EF020941CCC00886042 /* main.m */ = {isa = PBXFileReference; lastKnownFileType = sourcecode.c.objc; path = main.m; sourceTree = "<group>"; };
		7E146EF620941CCC00886042 /* JJCarouselTests.xctest */ = {isa = PBXFileReference; explicitFileType = wrapper.cfbundle; includeInIndex = 0; path = JJCarouselTests.xctest; sourceTree = BUILT_PRODUCTS_DIR; };
		7E146EFA20941CCC00886042 /* JJCarouselTests.m */ = {isa = PBXFileReference; lastKnownFileType = sourcecode.c.objc; path = JJCarouselTests.m; sourceTree = "<group>"; };
		7E146EFC20941CCC00886042 /* Info.plist */ = {isa = PBXFileReference; lastKnownFileType = text.plist.xml; path = Info.plist; sourceTree = "<group>"; };
		7E146F0120941CCC00886042 /* JJCarouselUITests.xctest */ = {isa = PBXFileReference; explicitFileType = wrapper.cfbundle; includeInIndex = 0; path = JJCarouselUITests.xctest; sourceTree = BUILT_PRODUCTS_DIR; };
		7E146F0520941CCC00886042 /* JJCarouselUITests.m */ = {isa = PBXFileReference; lastKnownFileType = sourcecode.c.objc; path = JJCarouselUITests.m; sourceTree = "<group>"; };
		7E146F0720941CCC00886042 /* Info.plist */ = {isa = PBXFileReference; lastKnownFileType = text.plist.xml; path = Info.plist; sourceTree = "<group>"; };
		7E146F1420941D1600886042 /* SimulatorScreenShot20171017102218.png */ = {isa = PBXFileReference; lastKnownFileType = image.png; path = SimulatorScreenShot20171017102218.png; sourceTree = "<group>"; };
		7E146F1520941D1600886042 /* SimulatorScreenShot20171017102317.png */ = {isa = PBXFileReference; lastKnownFileType = image.png; path = SimulatorScreenShot20171017102317.png; sourceTree = "<group>"; };
		7E146F1620941D1600886042 /* SimulatorScreenShot20171017102417.png */ = {isa = PBXFileReference; lastKnownFileType = image.png; path = SimulatorScreenShot20171017102417.png; sourceTree = "<group>"; };
		7E146F1720941D1600886042 /* ezgif-1-365bd769d5.gif */ = {isa = PBXFileReference; lastKnownFileType = image.gif; path = "ezgif-1-365bd769d5.gif"; sourceTree = "<group>"; };
		7E146F1C20941D1600886042 /* UIImage+WebP.m */ = {isa = PBXFileReference; fileEncoding = 4; lastKnownFileType = sourcecode.c.objc; path = "UIImage+WebP.m"; sourceTree = "<group>"; };
		7E146F1D20941D1600886042 /* MKAnnotationView+WebCache.m */ = {isa = PBXFileReference; fileEncoding = 4; lastKnownFileType = sourcecode.c.objc; path = "MKAnnotationView+WebCache.m"; sourceTree = "<group>"; };
		7E146F1E20941D1600886042 /* NSImage+WebCache.h */ = {isa = PBXFileReference; fileEncoding = 4; lastKnownFileType = sourcecode.c.h; path = "NSImage+WebCache.h"; sourceTree = "<group>"; };
		7E146F1F20941D1600886042 /* UIImageView+WebCache.h */ = {isa = PBXFileReference; fileEncoding = 4; lastKnownFileType = sourcecode.c.h; path = "UIImageView+WebCache.h"; sourceTree = "<group>"; };
		7E146F2020941D1600886042 /* NSData+ImageContentType.h */ = {isa = PBXFileReference; fileEncoding = 4; lastKnownFileType = sourcecode.c.h; path = "NSData+ImageContentType.h"; sourceTree = "<group>"; };
		7E146F2120941D1600886042 /* SDWebImageManager.m */ = {isa = PBXFileReference; fileEncoding = 4; lastKnownFileType = sourcecode.c.objc; path = SDWebImageManager.m; sourceTree = "<group>"; };
		7E146F2220941D1600886042 /* SDWebImageDecoder.m */ = {isa = PBXFileReference; fileEncoding = 4; lastKnownFileType = sourcecode.c.objc; path = SDWebImageDecoder.m; sourceTree = "<group>"; };
		7E146F2320941D1600886042 /* SDWebImageDownloaderOperation.h */ = {isa = PBXFileReference; fileEncoding = 4; lastKnownFileType = sourcecode.c.h; path = SDWebImageDownloaderOperation.h; sourceTree = "<group>"; };
		7E146F2420941D1600886042 /* UIImageView+HighlightedWebCache.m */ = {isa = PBXFileReference; fileEncoding = 4; lastKnownFileType = sourcecode.c.objc; path = "UIImageView+HighlightedWebCache.m"; sourceTree = "<group>"; };
		7E146F2520941D1600886042 /* SDImageCache.h */ = {isa = PBXFileReference; fileEncoding = 4; lastKnownFileType = sourcecode.c.h; path = SDImageCache.h; sourceTree = "<group>"; };
		7E146F2620941D1600886042 /* SDImageCacheConfig.h */ = {isa = PBXFileReference; fileEncoding = 4; lastKnownFileType = sourcecode.c.h; path = SDImageCacheConfig.h; sourceTree = "<group>"; };
		7E146F2720941D1600886042 /* SDWebImageDownloader.m */ = {isa = PBXFileReference; fileEncoding = 4; lastKnownFileType = sourcecode.c.objc; path = SDWebImageDownloader.m; sourceTree = "<group>"; };
		7E146F2820941D1600886042 /* UIImage+GIF.m */ = {isa = PBXFileReference; fileEncoding = 4; lastKnownFileType = sourcecode.c.objc; path = "UIImage+GIF.m"; sourceTree = "<group>"; };
		7E146F2920941D1600886042 /* UIButton+WebCache.h */ = {isa = PBXFileReference; fileEncoding = 4; lastKnownFileType = sourcecode.c.h; path = "UIButton+WebCache.h"; sourceTree = "<group>"; };
		7E146F2A20941D1600886042 /* UIImage+MultiFormat.m */ = {isa = PBXFileReference; fileEncoding = 4; lastKnownFileType = sourcecode.c.objc; path = "UIImage+MultiFormat.m"; sourceTree = "<group>"; };
		7E146F2B20941D1600886042 /* SDWebImageCompat.m */ = {isa = PBXFileReference; fileEncoding = 4; lastKnownFileType = sourcecode.c.objc; path = SDWebImageCompat.m; sourceTree = "<group>"; };
		7E146F2C20941D1600886042 /* SDWebImagePrefetcher.m */ = {isa = PBXFileReference; fileEncoding = 4; lastKnownFileType = sourcecode.c.objc; path = SDWebImagePrefetcher.m; sourceTree = "<group>"; };
		7E146F2D20941D1600886042 /* UIView+WebCache.h */ = {isa = PBXFileReference; fileEncoding = 4; lastKnownFileType = sourcecode.c.h; path = "UIView+WebCache.h"; sourceTree = "<group>"; };
		7E146F2E20941D1600886042 /* UIView+WebCacheOperation.h */ = {isa = PBXFileReference; fileEncoding = 4; lastKnownFileType = sourcecode.c.h; path = "UIView+WebCacheOperation.h"; sourceTree = "<group>"; };
		7E146F2F20941D1600886042 /* MKAnnotationView+WebCache.h */ = {isa = PBXFileReference; fileEncoding = 4; lastKnownFileType = sourcecode.c.h; path = "MKAnnotationView+WebCache.h"; sourceTree = "<group>"; };
		7E146F3020941D1600886042 /* UIImage+WebP.h */ = {isa = PBXFileReference; fileEncoding = 4; lastKnownFileType = sourcecode.c.h; path = "UIImage+WebP.h"; sourceTree = "<group>"; };
		7E146F3120941D1600886042 /* SDImageCache.m */ = {isa = PBXFileReference; fileEncoding = 4; lastKnownFileType = sourcecode.c.objc; path = SDImageCache.m; sourceTree = "<group>"; };
		7E146F3220941D1600886042 /* UIImageView+HighlightedWebCache.h */ = {isa = PBXFileReference; fileEncoding = 4; lastKnownFileType = sourcecode.c.h; path = "UIImageView+HighlightedWebCache.h"; sourceTree = "<group>"; };
		7E146F3320941D1600886042 /* SDWebImageDownloaderOperation.m */ = {isa = PBXFileReference; fileEncoding = 4; lastKnownFileType = sourcecode.c.objc; path = SDWebImageDownloaderOperation.m; sourceTree = "<group>"; };
		7E146F3420941D1600886042 /* SDWebImageDecoder.h */ = {isa = PBXFileReference; fileEncoding = 4; lastKnownFileType = sourcecode.c.h; path = SDWebImageDecoder.h; sourceTree = "<group>"; };
		7E146F3520941D1600886042 /* SDWebImageManager.h */ = {isa = PBXFileReference; fileEncoding = 4; lastKnownFileType = sourcecode.c.h; path = SDWebImageManager.h; sourceTree = "<group>"; };
		7E146F3620941D1600886042 /* NSData+ImageContentType.m */ = {isa = PBXFileReference; fileEncoding = 4; lastKnownFileType = sourcecode.c.objc; path = "NSData+ImageContentType.m"; sourceTree = "<group>"; };
		7E146F3720941D1600886042 /* UIImageView+WebCache.m */ = {isa = PBXFileReference; fileEncoding = 4; lastKnownFileType = sourcecode.c.objc; path = "UIImageView+WebCache.m"; sourceTree = "<group>"; };
		7E146F3820941D1600886042 /* SDWebImageOperation.h */ = {isa = PBXFileReference; fileEncoding = 4; lastKnownFileType = sourcecode.c.h; path = SDWebImageOperation.h; sourceTree = "<group>"; };
		7E146F3920941D1600886042 /* NSImage+WebCache.m */ = {isa = PBXFileReference; fileEncoding = 4; lastKnownFileType = sourcecode.c.objc; path = "NSImage+WebCache.m"; sourceTree = "<group>"; };
		7E146F3A20941D1600886042 /* SDWebImageDownloader.h */ = {isa = PBXFileReference; fileEncoding = 4; lastKnownFileType = sourcecode.c.h; path = SDWebImageDownloader.h; sourceTree = "<group>"; };
		7E146F3B20941D1600886042 /* SDImageCacheConfig.m */ = {isa = PBXFileReference; fileEncoding = 4; lastKnownFileType = sourcecode.c.objc; path = SDImageCacheConfig.m; sourceTree = "<group>"; };
		7E146F3C20941D1600886042 /* UIView+WebCacheOperation.m */ = {isa = PBXFileReference; fileEncoding = 4; lastKnownFileType = sourcecode.c.objc; path = "UIView+WebCacheOperation.m"; sourceTree = "<group>"; };
		7E146F3D20941D1600886042 /* UIView+WebCache.m */ = {isa = PBXFileReference; fileEncoding = 4; lastKnownFileType = sourcecode.c.objc; path = "UIView+WebCache.m"; sourceTree = "<group>"; };
		7E146F3E20941D1600886042 /* SDWebImagePrefetcher.h */ = {isa = PBXFileReference; fileEncoding = 4; lastKnownFileType = sourcecode.c.h; path = SDWebImagePrefetcher.h; sourceTree = "<group>"; };
		7E146F3F20941D1600886042 /* SDWebImageCompat.h */ = {isa = PBXFileReference; fileEncoding = 4; lastKnownFileType = sourcecode.c.h; path = SDWebImageCompat.h; sourceTree = "<group>"; };
		7E146F4020941D1600886042 /* UIImage+MultiFormat.h */ = {isa = PBXFileReference; fileEncoding = 4; lastKnownFileType = sourcecode.c.h; path = "UIImage+MultiFormat.h"; sourceTree = "<group>"; };
		7E146F4120941D1600886042 /* UIButton+WebCache.m */ = {isa = PBXFileReference; fileEncoding = 4; lastKnownFileType = sourcecode.c.objc; path = "UIButton+WebCache.m"; sourceTree = "<group>"; };
		7E146F4220941D1600886042 /* UIImage+GIF.h */ = {isa = PBXFileReference; fileEncoding = 4; lastKnownFileType = sourcecode.c.h; path = "UIImage+GIF.h"; sourceTree = "<group>"; };
		7E146F5B20941D1F00886042 /* 20170406135400.jpg */ = {isa = PBXFileReference; lastKnownFileType = image.jpeg; path = 20170406135400.jpg; sourceTree = "<group>"; };
		7E146F5C20941D1F00886042 /* 20140306110441515.jpg */ = {isa = PBXFileReference; lastKnownFileType = image.jpeg; path = 20140306110441515.jpg; sourceTree = "<group>"; };
		7E146F5D20941D1F00886042 /* 20170406135300.jpg */ = {isa = PBXFileReference; lastKnownFileType = image.jpeg; path = 20170406135300.jpg; sourceTree = "<group>"; };
		7E146F6120941D5D00886042 /* JJCarouselFigure.h */ = {isa = PBXFileReference; lastKnownFileType = sourcecode.c.h; path = JJCarouselFigure.h; sourceTree = "<group>"; };
		7E146F6220941D5D00886042 /* JJCarouselFigure.m */ = {isa = PBXFileReference; lastKnownFileType = sourcecode.c.objc; path = JJCarouselFigure.m; sourceTree = "<group>"; };
/* End PBXFileReference section */

/* Begin PBXFrameworksBuildPhase section */
		7E146EDB20941CCC00886042 /* Frameworks */ = {
			isa = PBXFrameworksBuildPhase;
			buildActionMask = 2147483647;
			files = (
			);
			runOnlyForDeploymentPostprocessing = 0;
		};
		7E146EF320941CCC00886042 /* Frameworks */ = {
			isa = PBXFrameworksBuildPhase;
			buildActionMask = 2147483647;
			files = (
			);
			runOnlyForDeploymentPostprocessing = 0;
		};
		7E146EFE20941CCC00886042 /* Frameworks */ = {
			isa = PBXFrameworksBuildPhase;
			buildActionMask = 2147483647;
			files = (
			);
			runOnlyForDeploymentPostprocessing = 0;
		};
/* End PBXFrameworksBuildPhase section */

/* Begin PBXGroup section */
		7E146ED520941CCC00886042 = {
			isa = PBXGroup;
			children = (
				7E146EE020941CCC00886042 /* JJCarousel */,
				7E146EF920941CCC00886042 /* JJCarouselTests */,
				7E146F0420941CCC00886042 /* JJCarouselUITests */,
				7E146EDF20941CCC00886042 /* Products */,
			);
			sourceTree = "<group>";
		};
		7E146EDF20941CCC00886042 /* Products */ = {
			isa = PBXGroup;
			children = (
				7E146EDE20941CCC00886042 /* JJCarousel.app */,
				7E146EF620941CCC00886042 /* JJCarouselTests.xctest */,
				7E146F0120941CCC00886042 /* JJCarouselUITests.xctest */,
			);
			name = Products;
			sourceTree = "<group>";
		};
		7E146EE020941CCC00886042 /* JJCarousel */ = {
			isa = PBXGroup;
			children = (
				7E146F1B20941D1600886042 /* SDWebImage */,
				7E146F1320941D1600886042 /* Image */,
				7E146F1820941D1600886042 /* JJCarousel */,
				7E146EE120941CCC00886042 /* AppDelegate.h */,
				7E146EE220941CCC00886042 /* AppDelegate.m */,
				7E146EE420941CCC00886042 /* ViewController.h */,
				7E146EE520941CCC00886042 /* ViewController.m */,
				7E146F5D20941D1F00886042 /* 20170406135300.jpg */,
				7E146F5B20941D1F00886042 /* 20170406135400.jpg */,
				7E146F5C20941D1F00886042 /* 20140306110441515.jpg */,
				7E146EE720941CCC00886042 /* Main.storyboard */,
				7E146EEA20941CCC00886042 /* Assets.xcassets */,
				7E146EEC20941CCC00886042 /* LaunchScreen.storyboard */,
				7E146EEF20941CCC00886042 /* Info.plist */,
				7E146EF020941CCC00886042 /* main.m */,
			);
			path = JJCarousel;
			sourceTree = "<group>";
		};
		7E146EF920941CCC00886042 /* JJCarouselTests */ = {
			isa = PBXGroup;
			children = (
				7E146EFA20941CCC00886042 /* JJCarouselTests.m */,
				7E146EFC20941CCC00886042 /* Info.plist */,
			);
			path = JJCarouselTests;
			sourceTree = "<group>";
		};
		7E146F0420941CCC00886042 /* JJCarouselUITests */ = {
			isa = PBXGroup;
			children = (
				7E146F0520941CCC00886042 /* JJCarouselUITests.m */,
				7E146F0720941CCC00886042 /* Info.plist */,
			);
			path = JJCarouselUITests;
			sourceTree = "<group>";
		};
		7E146F1320941D1600886042 /* Image */ = {
			isa = PBXGroup;
			children = (
				7E146F1420941D1600886042 /* SimulatorScreenShot20171017102218.png */,
				7E146F1520941D1600886042 /* SimulatorScreenShot20171017102317.png */,
				7E146F1620941D1600886042 /* SimulatorScreenShot20171017102417.png */,
				7E146F1720941D1600886042 /* ezgif-1-365bd769d5.gif */,
			);
			path = Image;
			sourceTree = "<group>";
		};
		7E146F1820941D1600886042 /* JJCarousel */ = {
			isa = PBXGroup;
			children = (
				7E146F6120941D5D00886042 /* JJCarouselFigure.h */,
				7E146F6220941D5D00886042 /* JJCarouselFigure.m */,
			);
			path = JJCarousel;
			sourceTree = "<group>";
		};
		7E146F1B20941D1600886042 /* SDWebImage */ = {
			isa = PBXGroup;
			children = (
				7E146F1C20941D1600886042 /* UIImage+WebP.m */,
				7E146F1D20941D1600886042 /* MKAnnotationView+WebCache.m */,
				7E146F1E20941D1600886042 /* NSImage+WebCache.h */,
				7E146F1F20941D1600886042 /* UIImageView+WebCache.h */,
				7E146F2020941D1600886042 /* NSData+ImageContentType.h */,
				7E146F2120941D1600886042 /* SDWebImageManager.m */,
				7E146F2220941D1600886042 /* SDWebImageDecoder.m */,
				7E146F2320941D1600886042 /* SDWebImageDownloaderOperation.h */,
				7E146F2420941D1600886042 /* UIImageView+HighlightedWebCache.m */,
				7E146F2520941D1600886042 /* SDImageCache.h */,
				7E146F2620941D1600886042 /* SDImageCacheConfig.h */,
				7E146F2720941D1600886042 /* SDWebImageDownloader.m */,
				7E146F2820941D1600886042 /* UIImage+GIF.m */,
				7E146F2920941D1600886042 /* UIButton+WebCache.h */,
				7E146F2A20941D1600886042 /* UIImage+MultiFormat.m */,
				7E146F2B20941D1600886042 /* SDWebImageCompat.m */,
				7E146F2C20941D1600886042 /* SDWebImagePrefetcher.m */,
				7E146F2D20941D1600886042 /* UIView+WebCache.h */,
				7E146F2E20941D1600886042 /* UIView+WebCacheOperation.h */,
				7E146F2F20941D1600886042 /* MKAnnotationView+WebCache.h */,
				7E146F3020941D1600886042 /* UIImage+WebP.h */,
				7E146F3120941D1600886042 /* SDImageCache.m */,
				7E146F3220941D1600886042 /* UIImageView+HighlightedWebCache.h */,
				7E146F3320941D1600886042 /* SDWebImageDownloaderOperation.m */,
				7E146F3420941D1600886042 /* SDWebImageDecoder.h */,
				7E146F3520941D1600886042 /* SDWebImageManager.h */,
				7E146F3620941D1600886042 /* NSData+ImageContentType.m */,
				7E146F3720941D1600886042 /* UIImageView+WebCache.m */,
				7E146F3820941D1600886042 /* SDWebImageOperation.h */,
				7E146F3920941D1600886042 /* NSImage+WebCache.m */,
				7E146F3A20941D1600886042 /* SDWebImageDownloader.h */,
				7E146F3B20941D1600886042 /* SDImageCacheConfig.m */,
				7E146F3C20941D1600886042 /* UIView+WebCacheOperation.m */,
				7E146F3D20941D1600886042 /* UIView+WebCache.m */,
				7E146F3E20941D1600886042 /* SDWebImagePrefetcher.h */,
				7E146F3F20941D1600886042 /* SDWebImageCompat.h */,
				7E146F4020941D1600886042 /* UIImage+MultiFormat.h */,
				7E146F4120941D1600886042 /* UIButton+WebCache.m */,
				7E146F4220941D1600886042 /* UIImage+GIF.h */,
			);
			path = SDWebImage;
			sourceTree = "<group>";
		};
/* End PBXGroup section */

/* Begin PBXNativeTarget section */
		7E146EDD20941CCC00886042 /* JJCarousel */ = {
			isa = PBXNativeTarget;
			buildConfigurationList = 7E146F0A20941CCC00886042 /* Build configuration list for PBXNativeTarget "JJCarousel" */;
			buildPhases = (
				7E146EDA20941CCC00886042 /* Sources */,
				7E146EDB20941CCC00886042 /* Frameworks */,
				7E146EDC20941CCC00886042 /* Resources */,
			);
			buildRules = (
			);
			dependencies = (
			);
			name = JJCarousel;
			productName = JJCarousel;
			productReference = 7E146EDE20941CCC00886042 /* JJCarousel.app */;
			productType = "com.apple.product-type.application";
		};
		7E146EF520941CCC00886042 /* JJCarouselTests */ = {
			isa = PBXNativeTarget;
			buildConfigurationList = 7E146F0D20941CCC00886042 /* Build configuration list for PBXNativeTarget "JJCarouselTests" */;
			buildPhases = (
				7E146EF220941CCC00886042 /* Sources */,
				7E146EF320941CCC00886042 /* Frameworks */,
				7E146EF420941CCC00886042 /* Resources */,
			);
			buildRules = (
			);
			dependencies = (
				7E146EF820941CCC00886042 /* PBXTargetDependency */,
			);
			name = JJCarouselTests;
			productName = JJCarouselTests;
			productReference = 7E146EF620941CCC00886042 /* JJCarouselTests.xctest */;
			productType = "com.apple.product-type.bundle.unit-test";
		};
		7E146F0020941CCC00886042 /* JJCarouselUITests */ = {
			isa = PBXNativeTarget;
			buildConfigurationList = 7E146F1020941CCC00886042 /* Build configuration list for PBXNativeTarget "JJCarouselUITests" */;
			buildPhases = (
				7E146EFD20941CCC00886042 /* Sources */,
				7E146EFE20941CCC00886042 /* Frameworks */,
				7E146EFF20941CCC00886042 /* Resources */,
			);
			buildRules = (
			);
			dependencies = (
				7E146F0320941CCC00886042 /* PBXTargetDependency */,
			);
			name = JJCarouselUITests;
			productName = JJCarouselUITests;
			productReference = 7E146F0120941CCC00886042 /* JJCarouselUITests.xctest */;
			productType = "com.apple.product-type.bundle.ui-testing";
		};
/* End PBXNativeTarget section */

/* Begin PBXProject section */
		7E146ED620941CCC00886042 /* Project object */ = {
			isa = PBXProject;
			attributes = {
				LastUpgradeCheck = 0920;
				ORGANIZATIONNAME = Lance;
				TargetAttributes = {
					7E146EDD20941CCC00886042 = {
						CreatedOnToolsVersion = 9.2;
						ProvisioningStyle = Automatic;
					};
					7E146EF520941CCC00886042 = {
						CreatedOnToolsVersion = 9.2;
						ProvisioningStyle = Automatic;
						TestTargetID = 7E146EDD20941CCC00886042;
					};
					7E146F0020941CCC00886042 = {
						CreatedOnToolsVersion = 9.2;
						ProvisioningStyle = Automatic;
						TestTargetID = 7E146EDD20941CCC00886042;
					};
				};
			};
			buildConfigurationList = 7E146ED920941CCC00886042 /* Build configuration list for PBXProject "JJCarousel" */;
			compatibilityVersion = "Xcode 8.0";
			developmentRegion = en;
			hasScannedForEncodings = 0;
			knownRegions = (
				en,
				Base,
			);
			mainGroup = 7E146ED520941CCC00886042;
			productRefGroup = 7E146EDF20941CCC00886042 /* Products */;
			projectDirPath = "";
			projectRoot = "";
			targets = (
				7E146EDD20941CCC00886042 /* JJCarousel */,
				7E146EF520941CCC00886042 /* JJCarouselTests */,
				7E146F0020941CCC00886042 /* JJCarouselUITests */,
			);
		};
/* End PBXProject section */

/* Begin PBXResourcesBuildPhase section */
		7E146EDC20941CCC00886042 /* Resources */ = {
			isa = PBXResourcesBuildPhase;
			buildActionMask = 2147483647;
			files = (
				7E146F5F20941D1F00886042 /* 20140306110441515.jpg in Resources */,
				7E146EEE20941CCC00886042 /* LaunchScreen.storyboard in Resources */,
				7E146EEB20941CCC00886042 /* Assets.xcassets in Resources */,
				7E146F6020941D1F00886042 /* 20170406135300.jpg in Resources */,
				7E146F5E20941D1F00886042 /* 20170406135400.jpg in Resources */,
				7E146F4420941D1600886042 /* SimulatorScreenShot20171017102317.png in Resources */,
				7E146EE920941CCC00886042 /* Main.storyboard in Resources */,
				7E146F4520941D1600886042 /* SimulatorScreenShot20171017102417.png in Resources */,
				7E146F4320941D1600886042 /* SimulatorScreenShot20171017102218.png in Resources */,
				7E146F4620941D1600886042 /* ezgif-1-365bd769d5.gif in Resources */,
			);
			runOnlyForDeploymentPostprocessing = 0;
		};
		7E146EF420941CCC00886042 /* Resources */ = {
			isa = PBXResourcesBuildPhase;
			buildActionMask = 2147483647;
			files = (
			);
			runOnlyForDeploymentPostprocessing = 0;
		};
		7E146EFF20941CCC00886042 /* Resources */ = {
			isa = PBXResourcesBuildPhase;
			buildActionMask = 2147483647;
			files = (
			);
			runOnlyForDeploymentPostprocessing = 0;
		};
/* End PBXResourcesBuildPhase section */

/* Begin PBXSourcesBuildPhase section */
		7E146EDA20941CCC00886042 /* Sources */ = {
			isa = PBXSourcesBuildPhase;
			buildActionMask = 2147483647;
			files = (
				7E146F5920941D1600886042 /* UIView+WebCache.m in Sources */,
				7E146F4E20941D1600886042 /* UIImage+GIF.m in Sources */,
				7E146F5120941D1600886042 /* SDWebImagePrefetcher.m in Sources */,
				7E146F5320941D1600886042 /* SDWebImageDownloaderOperation.m in Sources */,
				7E146F4C20941D1600886042 /* UIImageView+HighlightedWebCache.m in Sources */,
				7E146F5220941D1600886042 /* SDImageCache.m in Sources */,
				7E146F4A20941D1600886042 /* SDWebImageManager.m in Sources */,
				7E146F5020941D1600886042 /* SDWebImageCompat.m in Sources */,
				7E146F4F20941D1600886042 /* UIImage+MultiFormat.m in Sources */,
				7E146F5420941D1600886042 /* NSData+ImageContentType.m in Sources */,
				7E146F5820941D1600886042 /* UIView+WebCacheOperation.m in Sources */,
				7E146EE620941CCC00886042 /* ViewController.m in Sources */,
				7E146F4D20941D1600886042 /* SDWebImageDownloader.m in Sources */,
				7E146F5620941D1600886042 /* NSImage+WebCache.m in Sources */,
				7E146F4820941D1600886042 /* UIImage+WebP.m in Sources */,
				7E146F4B20941D1600886042 /* SDWebImageDecoder.m in Sources */,
				7E146F5720941D1600886042 /* SDImageCacheConfig.m in Sources */,
				7E146F6320941D5D00886042 /* JJCarouselFigure.m in Sources */,
				7E146F5520941D1600886042 /* UIImageView+WebCache.m in Sources */,
				7E146EF120941CCC00886042 /* main.m in Sources */,
				7E146F5A20941D1600886042 /* UIButton+WebCache.m in Sources */,
				7E146EE320941CCC00886042 /* AppDelegate.m in Sources */,
				7E146F4920941D1600886042 /* MKAnnotationView+WebCache.m in Sources */,
			);
			runOnlyForDeploymentPostprocessing = 0;
		};
		7E146EF220941CCC00886042 /* Sources */ = {
			isa = PBXSourcesBuildPhase;
			buildActionMask = 2147483647;
			files = (
				7E146EFB20941CCC00886042 /* JJCarouselTests.m in Sources */,
			);
			runOnlyForDeploymentPostprocessing = 0;
		};
		7E146EFD20941CCC00886042 /* Sources */ = {
			isa = PBXSourcesBuildPhase;
			buildActionMask = 2147483647;
			files = (
				7E146F0620941CCC00886042 /* JJCarouselUITests.m in Sources */,
			);
			runOnlyForDeploymentPostprocessing = 0;
		};
/* End PBXSourcesBuildPhase section */

/* Begin PBXTargetDependency section */
		7E146EF820941CCC00886042 /* PBXTargetDependency */ = {
			isa = PBXTargetDependency;
			target = 7E146EDD20941CCC00886042 /* JJCarousel */;
			targetProxy = 7E146EF720941CCC00886042 /* PBXContainerItemProxy */;
		};
		7E146F0320941CCC00886042 /* PBXTargetDependency */ = {
			isa = PBXTargetDependency;
			target = 7E146EDD20941CCC00886042 /* JJCarousel */;
			targetProxy = 7E146F0220941CCC00886042 /* PBXContainerItemProxy */;
		};
/* End PBXTargetDependency section */

/* Begin PBXVariantGroup section */
		7E146EE720941CCC00886042 /* Main.storyboard */ = {
			isa = PBXVariantGroup;
			children = (
				7E146EE820941CCC00886042 /* Base */,
			);
			name = Main.storyboard;
			sourceTree = "<group>";
		};
		7E146EEC20941CCC00886042 /* LaunchScreen.storyboard */ = {
			isa = PBXVariantGroup;
			children = (
				7E146EED20941CCC00886042 /* Base */,
			);
			name = LaunchScreen.storyboard;
			sourceTree = "<group>";
		};
/* End PBXVariantGroup section */

/* Begin XCBuildConfiguration section */
		7E146F0820941CCC00886042 /* Debug */ = {
			isa = XCBuildConfiguration;
			buildSettings = {
				ALWAYS_SEARCH_USER_PATHS = NO;
				CLANG_ANALYZER_NONNULL = YES;
				CLANG_ANALYZER_NUMBER_OBJECT_CONVERSION = YES_AGGRESSIVE;
				CLANG_CXX_LANGUAGE_STANDARD = "gnu++14";
				CLANG_CXX_LIBRARY = "libc++";
				CLANG_ENABLE_MODULES = YES;
				CLANG_ENABLE_OBJC_ARC = YES;
				CLANG_WARN_BLOCK_CAPTURE_AUTORELEASING = YES;
				CLANG_WARN_BOOL_CONVERSION = YES;
				CLANG_WARN_COMMA = YES;
				CLANG_WARN_CONSTANT_CONVERSION = YES;
				CLANG_WARN_DIRECT_OBJC_ISA_USAGE = YES_ERROR;
				CLANG_WARN_DOCUMENTATION_COMMENTS = YES;
				CLANG_WARN_EMPTY_BODY = YES;
				CLANG_WARN_ENUM_CONVERSION = YES;
				CLANG_WARN_INFINITE_RECURSION = YES;
				CLANG_WARN_INT_CONVERSION = YES;
				CLANG_WARN_NON_LITERAL_NULL_CONVERSION = YES;
				CLANG_WARN_OBJC_LITERAL_CONVERSION = YES;
				CLANG_WARN_OBJC_ROOT_CLASS = YES_ERROR;
				CLANG_WARN_RANGE_LOOP_ANALYSIS = YES;
				CLANG_WARN_STRICT_PROTOTYPES = YES;
				CLANG_WARN_SUSPICIOUS_MOVE = YES;
				CLANG_WARN_UNGUARDED_AVAILABILITY = YES_AGGRESSIVE;
				CLANG_WARN_UNREACHABLE_CODE = YES;
				CLANG_WARN__DUPLICATE_METHOD_MATCH = YES;
				CODE_SIGN_IDENTITY = "iPhone Developer";
				COPY_PHASE_STRIP = NO;
				DEBUG_INFORMATION_FORMAT = dwarf;
				ENABLE_STRICT_OBJC_MSGSEND = YES;
				ENABLE_TESTABILITY = YES;
				GCC_C_LANGUAGE_STANDARD = gnu11;
				GCC_DYNAMIC_NO_PIC = NO;
				GCC_NO_COMMON_BLOCKS = YES;
				GCC_OPTIMIZATION_LEVEL = 0;
				GCC_PREPROCESSOR_DEFINITIONS = (
					"DEBUG=1",
					"$(inherited)",
				);
				GCC_WARN_64_TO_32_BIT_CONVERSION = YES;
				GCC_WARN_ABOUT_RETURN_TYPE = YES_ERROR;
				GCC_WARN_UNDECLARED_SELECTOR = YES;
				GCC_WARN_UNINITIALIZED_AUTOS = YES_AGGRESSIVE;
				GCC_WARN_UNUSED_FUNCTION = YES;
				GCC_WARN_UNUSED_VARIABLE = YES;
				IPHONEOS_DEPLOYMENT_TARGET = 11.2;
				MTL_ENABLE_DEBUG_INFO = YES;
				ONLY_ACTIVE_ARCH = YES;
				SDKROOT = iphoneos;
			};
			name = Debug;
		};
		7E146F0920941CCC00886042 /* Release */ = {
			isa = XCBuildConfiguration;
			buildSettings = {
				ALWAYS_SEARCH_USER_PATHS = NO;
				CLANG_ANALYZER_NONNULL = YES;
				CLANG_ANALYZER_NUMBER_OBJECT_CONVERSION = YES_AGGRESSIVE;
				CLANG_CXX_LANGUAGE_STANDARD = "gnu++14";
				CLANG_CXX_LIBRARY = "libc++";
				CLANG_ENABLE_MODULES = YES;
				CLANG_ENABLE_OBJC_ARC = YES;
				CLANG_WARN_BLOCK_CAPTURE_AUTORELEASING = YES;
				CLANG_WARN_BOOL_CONVERSION = YES;
				CLANG_WARN_COMMA = YES;
				CLANG_WARN_CONSTANT_CONVERSION = YES;
				CLANG_WARN_DIRECT_OBJC_ISA_USAGE = YES_ERROR;
				CLANG_WARN_DOCUMENTATION_COMMENTS = YES;
				CLANG_WARN_EMPTY_BODY = YES;
				CLANG_WARN_ENUM_CONVERSION = YES;
				CLANG_WARN_INFINITE_RECURSION = YES;
				CLANG_WARN_INT_CONVERSION = YES;
				CLANG_WARN_NON_LITERAL_NULL_CONVERSION = YES;
				CLANG_WARN_OBJC_LITERAL_CONVERSION = YES;
				CLANG_WARN_OBJC_ROOT_CLASS = YES_ERROR;
				CLANG_WARN_RANGE_LOOP_ANALYSIS = YES;
				CLANG_WARN_STRICT_PROTOTYPES = YES;
				CLANG_WARN_SUSPICIOUS_MOVE = YES;
				CLANG_WARN_UNGUARDED_AVAILABILITY = YES_AGGRESSIVE;
				CLANG_WARN_UNREACHABLE_CODE = YES;
				CLANG_WARN__DUPLICATE_METHOD_MATCH = YES;
				CODE_SIGN_IDENTITY = "iPhone Developer";
				COPY_PHASE_STRIP = NO;
				DEBUG_INFORMATION_FORMAT = "dwarf-with-dsym";
				ENABLE_NS_ASSERTIONS = NO;
				ENABLE_STRICT_OBJC_MSGSEND = YES;
				GCC_C_LANGUAGE_STANDARD = gnu11;
				GCC_NO_COMMON_BLOCKS = YES;
				GCC_WARN_64_TO_32_BIT_CONVERSION = YES;
				GCC_WARN_ABOUT_RETURN_TYPE = YES_ERROR;
				GCC_WARN_UNDECLARED_SELECTOR = YES;
				GCC_WARN_UNINITIALIZED_AUTOS = YES_AGGRESSIVE;
				GCC_WARN_UNUSED_FUNCTION = YES;
				GCC_WARN_UNUSED_VARIABLE = YES;
				IPHONEOS_DEPLOYMENT_TARGET = 11.2;
				MTL_ENABLE_DEBUG_INFO = NO;
				SDKROOT = iphoneos;
				VALIDATE_PRODUCT = YES;
			};
			name = Release;
		};
		7E146F0B20941CCC00886042 /* Debug */ = {
			isa = XCBuildConfiguration;
			buildSettings = {
				ASSETCATALOG_COMPILER_APPICON_NAME = AppIcon;
				CODE_SIGN_STYLE = Automatic;
				DEVELOPMENT_TEAM = 86KYV64QTU;
				INFOPLIST_FILE = JJCarousel/Info.plist;
				IPHONEOS_DEPLOYMENT_TARGET = 10.0;
				LD_RUNPATH_SEARCH_PATHS = "$(inherited) @executable_path/Frameworks";
				PRODUCT_BUNDLE_IDENTIFIER = com.Lance.JJCarousel;
				PRODUCT_NAME = "$(TARGET_NAME)";
				TARGETED_DEVICE_FAMILY = 1;
			};
			name = Debug;
		};
		7E146F0C20941CCC00886042 /* Release */ = {
			isa = XCBuildConfiguration;
			buildSettings = {
				ASSETCATALOG_COMPILER_APPICON_NAME = AppIcon;
				CODE_SIGN_STYLE = Automatic;
				DEVELOPMENT_TEAM = 86KYV64QTU;
				INFOPLIST_FILE = JJCarousel/Info.plist;
				IPHONEOS_DEPLOYMENT_TARGET = 10.0;
				LD_RUNPATH_SEARCH_PATHS = "$(inherited) @executable_path/Frameworks";
				PRODUCT_BUNDLE_IDENTIFIER = com.Lance.JJCarousel;
				PRODUCT_NAME = "$(TARGET_NAME)";
				TARGETED_DEVICE_FAMILY = 1;
			};
			name = Release;
		};
		7E146F0E20941CCC00886042 /* Debug */ = {
			isa = XCBuildConfiguration;
			buildSettings = {
				BUNDLE_LOADER = "$(TEST_HOST)";
				CODE_SIGN_STYLE = Automatic;
				DEVELOPMENT_TEAM = 86KYV64QTU;
				INFOPLIST_FILE = JJCarouselTests/Info.plist;
				LD_RUNPATH_SEARCH_PATHS = "$(inherited) @executable_path/Frameworks @loader_path/Frameworks";
				PRODUCT_BUNDLE_IDENTIFIER = com.Lance.JJCarouselTests;
				PRODUCT_NAME = "$(TARGET_NAME)";
				TARGETED_DEVICE_FAMILY = "1,2";
				TEST_HOST = "$(BUILT_PRODUCTS_DIR)/JJCarousel.app/JJCarousel";
			};
			name = Debug;
		};
		7E146F0F20941CCC00886042 /* Release */ = {
			isa = XCBuildConfiguration;
			buildSettings = {
				BUNDLE_LOADER = "$(TEST_HOST)";
				CODE_SIGN_STYLE = Automatic;
				DEVELOPMENT_TEAM = 86KYV64QTU;
				INFOPLIST_FILE = JJCarouselTests/Info.plist;
				LD_RUNPATH_SEARCH_PATHS = "$(inherited) @executable_path/Frameworks @loader_path/Frameworks";
				PRODUCT_BUNDLE_IDENTIFIER = com.Lance.JJCarouselTests;
				PRODUCT_NAME = "$(TARGET_NAME)";
				TARGETED_DEVICE_FAMILY = "1,2";
				TEST_HOST = "$(BUILT_PRODUCTS_DIR)/JJCarousel.app/JJCarousel";
			};
			name = Release;
		};
		7E146F1120941CCC00886042 /* Debug */ = {
			isa = XCBuildConfiguration;
			buildSettings = {
				CODE_SIGN_STYLE = Automatic;
				DEVELOPMENT_TEAM = 86KYV64QTU;
				INFOPLIST_FILE = JJCarouselUITests/Info.plist;
				LD_RUNPATH_SEARCH_PATHS = "$(inherited) @executable_path/Frameworks @loader_path/Frameworks";
				PRODUCT_BUNDLE_IDENTIFIER = com.Lance.JJCarouselUITests;
				PRODUCT_NAME = "$(TARGET_NAME)";
				TARGETED_DEVICE_FAMILY = "1,2";
				TEST_TARGET_NAME = JJCarousel;
			};
			name = Debug;
		};
		7E146F1220941CCC00886042 /* Release */ = {
			isa = XCBuildConfiguration;
			buildSettings = {
				CODE_SIGN_STYLE = Automatic;
				DEVELOPMENT_TEAM = 86KYV64QTU;
				INFOPLIST_FILE = JJCarouselUITests/Info.plist;
				LD_RUNPATH_SEARCH_PATHS = "$(inherited) @executable_path/Frameworks @loader_path/Frameworks";
				PRODUCT_BUNDLE_IDENTIFIER = com.Lance.JJCarouselUITests;
				PRODUCT_NAME = "$(TARGET_NAME)";
				TARGETED_DEVICE_FAMILY = "1,2";
				TEST_TARGET_NAME = JJCarousel;
			};
			name = Release;
		};
/* End XCBuildConfiguration section */

/* Begin XCConfigurationList section */
		7E146ED920941CCC00886042 /* Build configuration list for PBXProject "JJCarousel" */ = {
			isa = XCConfigurationList;
			buildConfigurations = (
				7E146F0820941CCC00886042 /* Debug */,
				7E146F0920941CCC00886042 /* Release */,
			);
			defaultConfigurationIsVisible = 0;
			defaultConfigurationName = Release;
		};
		7E146F0A20941CCC00886042 /* Build configuration list for PBXNativeTarget "JJCarousel" */ = {
			isa = XCConfigurationList;
			buildConfigurations = (
				7E146F0B20941CCC00886042 /* Debug */,
				7E146F0C20941CCC00886042 /* Release */,
			);
			defaultConfigurationIsVisible = 0;
			defaultConfigurationName = Release;
		};
		7E146F0D20941CCC00886042 /* Build configuration list for PBXNativeTarget "JJCarouselTests" */ = {
			isa = XCConfigurationList;
			buildConfigurations = (
				7E146F0E20941CCC00886042 /* Debug */,
				7E146F0F20941CCC00886042 /* Release */,
			);
			defaultConfigurationIsVisible = 0;
			defaultConfigurationName = Release;
		};
		7E146F1020941CCC00886042 /* Build configuration list for PBXNativeTarget "JJCarouselUITests" */ = {
			isa = XCConfigurationList;
			buildConfigurations = (
				7E146F1120941CCC00886042 /* Debug */,
				7E146F1220941CCC00886042 /* Release */,
			);
			defaultConfigurationIsVisible = 0;
			defaultConfigurationName = Release;
		};
/* End XCConfigurationList section */
	};
	rootObject = 7E146ED620941CCC00886042 /* Project object */;
}
